// !$*UTF8*$!
{
	archiveVersion = 1;
	classes = {
	};
	objectVersion = 50;
	objects = {

/* Begin PBXBuildFile section */
		0D7CD64C2268FD2B00794D63 /* SaveData.swift in Sources */ = {isa = PBXBuildFile; fileRef = 0D7CD64B2268FD2B00794D63 /* SaveData.swift */; };
		0DF85C51226796120084147A /* Session.swift in Sources */ = {isa = PBXBuildFile; fileRef = 0DF85C50226796120084147A /* Session.swift */; };
		1D105CDD22690BE300635C64 /* WelcomeViewController.swift in Sources */ = {isa = PBXBuildFile; fileRef = 1D105CDC22690BE300635C64 /* WelcomeViewController.swift */; };
		1D105CE02269155800635C64 /* LoadSave.swift in Sources */ = {isa = PBXBuildFile; fileRef = 1D105CDF2269155800635C64 /* LoadSave.swift */; };
		1D4CA5F92253FC380011A730 /* AppDelegate.swift in Sources */ = {isa = PBXBuildFile; fileRef = 1D4CA5F82253FC380011A730 /* AppDelegate.swift */; };
		1D4CA5FD2253FC380011A730 /* ARViewController.swift in Sources */ = {isa = PBXBuildFile; fileRef = 1D4CA5FC2253FC380011A730 /* ARViewController.swift */; };
		1D4CA6002253FC380011A730 /* Main.storyboard in Resources */ = {isa = PBXBuildFile; fileRef = 1D4CA5FE2253FC380011A730 /* Main.storyboard */; };
		1D4CA6022253FC3B0011A730 /* Assets.xcassets in Resources */ = {isa = PBXBuildFile; fileRef = 1D4CA6012253FC3B0011A730 /* Assets.xcassets */; };
		1D4CA6052253FC3B0011A730 /* LaunchScreen.storyboard in Resources */ = {isa = PBXBuildFile; fileRef = 1D4CA6032253FC3B0011A730 /* LaunchScreen.storyboard */; };
		1D4CA61B2253FC3B0011A730 /* RPM_AR_UIUITests.swift in Sources */ = {isa = PBXBuildFile; fileRef = 1D4CA61A2253FC3B0011A730 /* RPM_AR_UIUITests.swift */; };
		1D4CA6292253FDA40011A730 /* NewSessionViewController.swift in Sources */ = {isa = PBXBuildFile; fileRef = 1D4CA6282253FDA40011A730 /* NewSessionViewController.swift */; };
		1D6D7622225689DC000F9652 /* SearchViewController.swift in Sources */ = {isa = PBXBuildFile; fileRef = 1D6D7621225689DC000F9652 /* SearchViewController.swift */; };
		1D6D762822568E01000F9652 /* Objs.swift in Sources */ = {isa = PBXBuildFile; fileRef = 1D6D762722568E01000F9652 /* Objs.swift */; };
		1D6D762A225691A9000F9652 /* SearchFooter.swift in Sources */ = {isa = PBXBuildFile; fileRef = 1D6D7629225691A9000F9652 /* SearchFooter.swift */; };
		1D6D762C225695FE000F9652 /* DetailViewController.swift in Sources */ = {isa = PBXBuildFile; fileRef = 1D6D762B225695FE000F9652 /* DetailViewController.swift */; };
		1D6D76302256C83D000F9652 /* ModelType.swift in Sources */ = {isa = PBXBuildFile; fileRef = 1D6D762F2256C83D000F9652 /* ModelType.swift */; };
		1DA84F902277A62800F28549 /* relate.png in Resources */ = {isa = PBXBuildFile; fileRef = 1DA84F822277A62800F28549 /* relate.png */; };
		1DA84F912277A62800F28549 /* ipadPro167.png in Resources */ = {isa = PBXBuildFile; fileRef = 1DA84F832277A62800F28549 /* ipadPro167.png */; };
		1DA84F922277A62800F28549 /* launchscreenfull2048.png in Resources */ = {isa = PBXBuildFile; fileRef = 1DA84F842277A62800F28549 /* launchscreenfull2048.png */; };
		1DA84F932277A62800F28549 /* apple.png in Resources */ = {isa = PBXBuildFile; fileRef = 1DA84F852277A62800F28549 /* apple.png */; };
		1DA84F942277A62800F28549 /* launchScreenFull Load.png in Resources */ = {isa = PBXBuildFile; fileRef = 1DA84F862277A62800F28549 /* launchScreenFull Load.png */; };
		1DA84F952277A62800F28549 /* ipadsetting29.png in Resources */ = {isa = PBXBuildFile; fileRef = 1DA84F872277A62800F28549 /* ipadsetting29.png */; };
		1DA84F962277A62800F28549 /* ipadnotification20.png in Resources */ = {isa = PBXBuildFile; fileRef = 1DA84F882277A62800F28549 /* ipadnotification20.png */; };
		1DA84F972277A62800F28549 /* ipadspotlight40.png in Resources */ = {isa = PBXBuildFile; fileRef = 1DA84F892277A62800F28549 /* ipadspotlight40.png */; };
		1DA84F982277A62800F28549 /* ipadapp76.png in Resources */ = {isa = PBXBuildFile; fileRef = 1DA84F8A2277A62800F28549 /* ipadapp76.png */; };
		1DA84F992277A62800F28549 /* ipadSpotlight80.png in Resources */ = {isa = PBXBuildFile; fileRef = 1DA84F8B2277A62800F28549 /* ipadSpotlight80.png */; };
		1DA84F9A2277A62800F28549 /* ipadApp152.png in Resources */ = {isa = PBXBuildFile; fileRef = 1DA84F8C2277A62800F28549 /* ipadApp152.png */; };
		1DA84F9B2277A62800F28549 /* Appstore1024.png in Resources */ = {isa = PBXBuildFile; fileRef = 1DA84F8D2277A62800F28549 /* Appstore1024.png */; };
		1DA84F9C2277A62800F28549 /* ipadsettings58.png in Resources */ = {isa = PBXBuildFile; fileRef = 1DA84F8E2277A62800F28549 /* ipadsettings58.png */; };
		1DA84F9D2277A62800F28549 /* ipadnotif40.png in Resources */ = {isa = PBXBuildFile; fileRef = 1DA84F8F2277A62800F28549 /* ipadnotif40.png */; };
		1DA84FA12277AD9B00F28549 /* SessionDetailsViewController.swift in Sources */ = {isa = PBXBuildFile; fileRef = 1DA84FA02277AD9B00F28549 /* SessionDetailsViewController.swift */; };
		1DAA9783226F89060089D118 /* ObjectList.swift in Sources */ = {isa = PBXBuildFile; fileRef = 1DAA9782226F89060089D118 /* ObjectList.swift */; };
		1DAA9785226F9B530089D118 /* SessionTableViewCell.swift in Sources */ = {isa = PBXBuildFile; fileRef = 1DAA9784226F9B530089D118 /* SessionTableViewCell.swift */; };
		1DACA5F5225BC67800582A69 /* art.scnassets in Resources */ = {isa = PBXBuildFile; fileRef = 1D4CA5FA2253FC380011A730 /* art.scnassets */; };
		1DE804762279FF0D009D4019 /* SavedSession.json in Resources */ = {isa = PBXBuildFile; fileRef = 1DE804752279FF0D009D4019 /* SavedSession.json */; };
/* End PBXBuildFile section */

/* Begin PBXContainerItemProxy section */
		1D4CA60C2253FC3B0011A730 /* PBXContainerItemProxy */ = {
			isa = PBXContainerItemProxy;
			containerPortal = 1D4CA5ED2253FC380011A730 /* Project object */;
			proxyType = 1;
			remoteGlobalIDString = 1D4CA5F42253FC380011A730;
			remoteInfo = "RPM-AR-UI";
		};
		1D4CA6172253FC3B0011A730 /* PBXContainerItemProxy */ = {
			isa = PBXContainerItemProxy;
			containerPortal = 1D4CA5ED2253FC380011A730 /* Project object */;
			proxyType = 1;
			remoteGlobalIDString = 1D4CA5F42253FC380011A730;
			remoteInfo = "RPM-AR-UI";
		};
/* End PBXContainerItemProxy section */

/* Begin PBXFileReference section */
		0D7CD64B2268FD2B00794D63 /* SaveData.swift */ = {isa = PBXFileReference; lastKnownFileType = sourcecode.swift; path = SaveData.swift; sourceTree = "<group>"; };
		0DF85C50226796120084147A /* Session.swift */ = {isa = PBXFileReference; fileEncoding = 4; lastKnownFileType = sourcecode.swift; path = Session.swift; sourceTree = "<group>"; };
		1D105CDC22690BE300635C64 /* WelcomeViewController.swift */ = {isa = PBXFileReference; lastKnownFileType = sourcecode.swift; path = WelcomeViewController.swift; sourceTree = "<group>"; };
		1D105CDF2269155800635C64 /* LoadSave.swift */ = {isa = PBXFileReference; fileEncoding = 4; lastKnownFileType = sourcecode.swift; path = LoadSave.swift; sourceTree = "<group>"; };
		1D4CA5F52253FC380011A730 /* RPM-AR-UI.app */ = {isa = PBXFileReference; explicitFileType = wrapper.application; includeInIndex = 0; path = "RPM-AR-UI.app"; sourceTree = BUILT_PRODUCTS_DIR; };
		1D4CA5F82253FC380011A730 /* AppDelegate.swift */ = {isa = PBXFileReference; lastKnownFileType = sourcecode.swift; path = AppDelegate.swift; sourceTree = "<group>"; };
		1D4CA5FA2253FC380011A730 /* art.scnassets */ = {isa = PBXFileReference; lastKnownFileType = wrapper.scnassets; path = art.scnassets; sourceTree = "<group>"; };
		1D4CA5FC2253FC380011A730 /* ARViewController.swift */ = {isa = PBXFileReference; lastKnownFileType = sourcecode.swift; path = ARViewController.swift; sourceTree = "<group>"; };
		1D4CA5FF2253FC380011A730 /* Base */ = {isa = PBXFileReference; lastKnownFileType = file.storyboard; name = Base; path = Base.lproj/Main.storyboard; sourceTree = "<group>"; };
		1D4CA6012253FC3B0011A730 /* Assets.xcassets */ = {isa = PBXFileReference; lastKnownFileType = folder.assetcatalog; path = Assets.xcassets; sourceTree = "<group>"; };
		1D4CA6042253FC3B0011A730 /* Base */ = {isa = PBXFileReference; lastKnownFileType = file.storyboard; name = Base; path = Base.lproj/LaunchScreen.storyboard; sourceTree = "<group>"; };
		1D4CA6062253FC3B0011A730 /* Info.plist */ = {isa = PBXFileReference; lastKnownFileType = text.plist.xml; path = Info.plist; sourceTree = "<group>"; };
		1D4CA60B2253FC3B0011A730 /* RPM-AR-UITests.xctest */ = {isa = PBXFileReference; explicitFileType = wrapper.cfbundle; includeInIndex = 0; path = "RPM-AR-UITests.xctest"; sourceTree = BUILT_PRODUCTS_DIR; };
		1D4CA6162253FC3B0011A730 /* RPM-AR-UIUITests.xctest */ = {isa = PBXFileReference; explicitFileType = wrapper.cfbundle; includeInIndex = 0; path = "RPM-AR-UIUITests.xctest"; sourceTree = BUILT_PRODUCTS_DIR; };
		1D4CA61A2253FC3B0011A730 /* RPM_AR_UIUITests.swift */ = {isa = PBXFileReference; lastKnownFileType = sourcecode.swift; path = RPM_AR_UIUITests.swift; sourceTree = "<group>"; };
		1D4CA61C2253FC3B0011A730 /* Info.plist */ = {isa = PBXFileReference; lastKnownFileType = text.plist.xml; path = Info.plist; sourceTree = "<group>"; };
		1D4CA6282253FDA40011A730 /* NewSessionViewController.swift */ = {isa = PBXFileReference; lastKnownFileType = sourcecode.swift; path = NewSessionViewController.swift; sourceTree = "<group>"; };
		1D6D7621225689DC000F9652 /* SearchViewController.swift */ = {isa = PBXFileReference; lastKnownFileType = sourcecode.swift; path = SearchViewController.swift; sourceTree = "<group>"; };
		1D6D762722568E01000F9652 /* Objs.swift */ = {isa = PBXFileReference; lastKnownFileType = sourcecode.swift; path = Objs.swift; sourceTree = "<group>"; };
		1D6D7629225691A9000F9652 /* SearchFooter.swift */ = {isa = PBXFileReference; lastKnownFileType = sourcecode.swift; path = SearchFooter.swift; sourceTree = "<group>"; };
		1D6D762B225695FE000F9652 /* DetailViewController.swift */ = {isa = PBXFileReference; lastKnownFileType = sourcecode.swift; path = DetailViewController.swift; sourceTree = "<group>"; };
		1D6D762F2256C83D000F9652 /* ModelType.swift */ = {isa = PBXFileReference; fileEncoding = 4; lastKnownFileType = sourcecode.swift; path = ModelType.swift; sourceTree = "<group>"; };
		1DA84F822277A62800F28549 /* relate.png */ = {isa = PBXFileReference; lastKnownFileType = image.png; path = relate.png; sourceTree = "<group>"; };
		1DA84F832277A62800F28549 /* ipadPro167.png */ = {isa = PBXFileReference; lastKnownFileType = image.png; path = ipadPro167.png; sourceTree = "<group>"; };
		1DA84F842277A62800F28549 /* launchscreenfull2048.png */ = {isa = PBXFileReference; lastKnownFileType = image.png; path = launchscreenfull2048.png; sourceTree = "<group>"; };
		1DA84F852277A62800F28549 /* apple.png */ = {isa = PBXFileReference; lastKnownFileType = image.png; path = apple.png; sourceTree = "<group>"; };
		1DA84F862277A62800F28549 /* launchScreenFull Load.png */ = {isa = PBXFileReference; lastKnownFileType = image.png; path = "launchScreenFull Load.png"; sourceTree = "<group>"; };
		1DA84F872277A62800F28549 /* ipadsetting29.png */ = {isa = PBXFileReference; lastKnownFileType = image.png; path = ipadsetting29.png; sourceTree = "<group>"; };
		1DA84F882277A62800F28549 /* ipadnotification20.png */ = {isa = PBXFileReference; lastKnownFileType = image.png; path = ipadnotification20.png; sourceTree = "<group>"; };
		1DA84F892277A62800F28549 /* ipadspotlight40.png */ = {isa = PBXFileReference; lastKnownFileType = image.png; path = ipadspotlight40.png; sourceTree = "<group>"; };
		1DA84F8A2277A62800F28549 /* ipadapp76.png */ = {isa = PBXFileReference; lastKnownFileType = image.png; path = ipadapp76.png; sourceTree = "<group>"; };
		1DA84F8B2277A62800F28549 /* ipadSpotlight80.png */ = {isa = PBXFileReference; lastKnownFileType = image.png; path = ipadSpotlight80.png; sourceTree = "<group>"; };
		1DA84F8C2277A62800F28549 /* ipadApp152.png */ = {isa = PBXFileReference; lastKnownFileType = image.png; path = ipadApp152.png; sourceTree = "<group>"; };
		1DA84F8D2277A62800F28549 /* Appstore1024.png */ = {isa = PBXFileReference; lastKnownFileType = image.png; path = Appstore1024.png; sourceTree = "<group>"; };
		1DA84F8E2277A62800F28549 /* ipadsettings58.png */ = {isa = PBXFileReference; lastKnownFileType = image.png; path = ipadsettings58.png; sourceTree = "<group>"; };
		1DA84F8F2277A62800F28549 /* ipadnotif40.png */ = {isa = PBXFileReference; lastKnownFileType = image.png; path = ipadnotif40.png; sourceTree = "<group>"; };
		1DA84FA02277AD9B00F28549 /* SessionDetailsViewController.swift */ = {isa = PBXFileReference; lastKnownFileType = sourcecode.swift; path = SessionDetailsViewController.swift; sourceTree = "<group>"; };
		1DAA9782226F89060089D118 /* ObjectList.swift */ = {isa = PBXFileReference; lastKnownFileType = sourcecode.swift; path = ObjectList.swift; sourceTree = "<group>"; };
		1DAA9784226F9B530089D118 /* SessionTableViewCell.swift */ = {isa = PBXFileReference; lastKnownFileType = sourcecode.swift; path = SessionTableViewCell.swift; sourceTree = "<group>"; };
		1DE804752279FF0D009D4019 /* SavedSession.json */ = {isa = PBXFileReference; lastKnownFileType = text.json; path = SavedSession.json; sourceTree = "<group>"; };
/* End PBXFileReference section */

/* Begin PBXFrameworksBuildPhase section */
		1D4CA5F22253FC380011A730 /* Frameworks */ = {
			isa = PBXFrameworksBuildPhase;
			buildActionMask = 2147483647;
			files = (
			);
			runOnlyForDeploymentPostprocessing = 0;
		};
		1D4CA6082253FC3B0011A730 /* Frameworks */ = {
			isa = PBXFrameworksBuildPhase;
			buildActionMask = 2147483647;
			files = (
			);
			runOnlyForDeploymentPostprocessing = 0;
		};
		1D4CA6132253FC3B0011A730 /* Frameworks */ = {
			isa = PBXFrameworksBuildPhase;
			buildActionMask = 2147483647;
			files = (
			);
			runOnlyForDeploymentPostprocessing = 0;
		};
/* End PBXFrameworksBuildPhase section */

/* Begin PBXGroup section */
		1D105CDE226914D200635C64 /* Recovered References */ = {
			isa = PBXGroup;
			children = (
			);
			name = "Recovered References";
			sourceTree = "<group>";
		};
		1D4CA5EC2253FC380011A730 = {
			isa = PBXGroup;
			children = (
				1DE804752279FF0D009D4019 /* SavedSession.json */,
				1D4CA5F72253FC380011A730 /* RPM-AR-UI */,
				1D4CA6192253FC3B0011A730 /* RPM-AR-UIUITests */,
				1D4CA5F62253FC380011A730 /* Products */,
				1D105CDE226914D200635C64 /* Recovered References */,
				1DEFF331227762BA00B4D91E /* Frameworks */,
			);
			sourceTree = "<group>";
		};
		1D4CA5F62253FC380011A730 /* Products */ = {
			isa = PBXGroup;
			children = (
				1D4CA5F52253FC380011A730 /* RPM-AR-UI.app */,
				1D4CA60B2253FC3B0011A730 /* RPM-AR-UITests.xctest */,
				1D4CA6162253FC3B0011A730 /* RPM-AR-UIUITests.xctest */,
			);
			name = Products;
			sourceTree = "<group>";
		};
		1D4CA5F72253FC380011A730 /* RPM-AR-UI */ = {
			isa = PBXGroup;
			children = (
				1D4CA5FA2253FC380011A730 /* art.scnassets */,
				1DA84F812277A62800F28549 /* apple logos resized */,
				1D4CA5F82253FC380011A730 /* AppDelegate.swift */,
				1D105CDC22690BE300635C64 /* WelcomeViewController.swift */,
				1DAA9784226F9B530089D118 /* SessionTableViewCell.swift */,
				1DA84FA02277AD9B00F28549 /* SessionDetailsViewController.swift */,
				1D4CA5FC2253FC380011A730 /* ARViewController.swift */,
				1D4CA6282253FDA40011A730 /* NewSessionViewController.swift */,
				1D6D762F2256C83D000F9652 /* ModelType.swift */,
				1D6D762B225695FE000F9652 /* DetailViewController.swift */,
				1D6D7621225689DC000F9652 /* SearchViewController.swift */,
				1D6D7629225691A9000F9652 /* SearchFooter.swift */,
				0D7CD64B2268FD2B00794D63 /* SaveData.swift */,
				0DF85C50226796120084147A /* Session.swift */,
				1D105CDF2269155800635C64 /* LoadSave.swift */,
				1D6D762722568E01000F9652 /* Objs.swift */,
				1DAA9782226F89060089D118 /* ObjectList.swift */,
				1D4CA5FE2253FC380011A730 /* Main.storyboard */,
				1D4CA6012253FC3B0011A730 /* Assets.xcassets */,
				1D4CA6032253FC3B0011A730 /* LaunchScreen.storyboard */,
				1D4CA6062253FC3B0011A730 /* Info.plist */,
			);
			path = "RPM-AR-UI";
			sourceTree = "<group>";
		};
		1D4CA6192253FC3B0011A730 /* RPM-AR-UIUITests */ = {
			isa = PBXGroup;
			children = (
				1D4CA61A2253FC3B0011A730 /* RPM_AR_UIUITests.swift */,
				1D4CA61C2253FC3B0011A730 /* Info.plist */,
			);
			path = "RPM-AR-UIUITests";
			sourceTree = "<group>";
		};
		1DA84F812277A62800F28549 /* apple logos resized */ = {
			isa = PBXGroup;
			children = (
				1DA84F822277A62800F28549 /* relate.png */,
				1DA84F832277A62800F28549 /* ipadPro167.png */,
				1DA84F842277A62800F28549 /* launchscreenfull2048.png */,
				1DA84F852277A62800F28549 /* apple.png */,
				1DA84F862277A62800F28549 /* launchScreenFull Load.png */,
				1DA84F872277A62800F28549 /* ipadsetting29.png */,
				1DA84F882277A62800F28549 /* ipadnotification20.png */,
				1DA84F892277A62800F28549 /* ipadspotlight40.png */,
				1DA84F8A2277A62800F28549 /* ipadapp76.png */,
				1DA84F8B2277A62800F28549 /* ipadSpotlight80.png */,
				1DA84F8C2277A62800F28549 /* ipadApp152.png */,
				1DA84F8D2277A62800F28549 /* Appstore1024.png */,
				1DA84F8E2277A62800F28549 /* ipadsettings58.png */,
				1DA84F8F2277A62800F28549 /* ipadnotif40.png */,
			);
			name = "apple logos resized";
			path = "../../apple logos resized";
			sourceTree = "<group>";
		};
		1DEFF331227762BA00B4D91E /* Frameworks */ = {
			isa = PBXGroup;
			children = (
			);
			name = Frameworks;
			sourceTree = "<group>";
		};
/* End PBXGroup section */

/* Begin PBXNativeTarget section */
		1D4CA5F42253FC380011A730 /* RPM-AR-UI */ = {
			isa = PBXNativeTarget;
			buildConfigurationList = 1D4CA61F2253FC3B0011A730 /* Build configuration list for PBXNativeTarget "RPM-AR-UI" */;
			buildPhases = (
				1D4CA5F12253FC380011A730 /* Sources */,
				1D4CA5F22253FC380011A730 /* Frameworks */,
				1D4CA5F32253FC380011A730 /* Resources */,
			);
			buildRules = (
			);
			dependencies = (
			);
			name = "RPM-AR-UI";
			productName = "RPM-AR-UI";
			productReference = 1D4CA5F52253FC380011A730 /* RPM-AR-UI.app */;
			productType = "com.apple.product-type.application";
		};
		1D4CA60A2253FC3B0011A730 /* RPM-AR-UITests */ = {
			isa = PBXNativeTarget;
			buildConfigurationList = 1D4CA6222253FC3B0011A730 /* Build configuration list for PBXNativeTarget "RPM-AR-UITests" */;
			buildPhases = (
				1D4CA6072253FC3B0011A730 /* Sources */,
				1D4CA6082253FC3B0011A730 /* Frameworks */,
				1D4CA6092253FC3B0011A730 /* Resources */,
			);
			buildRules = (
			);
			dependencies = (
				1D4CA60D2253FC3B0011A730 /* PBXTargetDependency */,
			);
			name = "RPM-AR-UITests";
			productName = "RPM-AR-UITests";
			productReference = 1D4CA60B2253FC3B0011A730 /* RPM-AR-UITests.xctest */;
			productType = "com.apple.product-type.bundle.unit-test";
		};
		1D4CA6152253FC3B0011A730 /* RPM-AR-UIUITests */ = {
			isa = PBXNativeTarget;
			buildConfigurationList = 1D4CA6252253FC3B0011A730 /* Build configuration list for PBXNativeTarget "RPM-AR-UIUITests" */;
			buildPhases = (
				1D4CA6122253FC3B0011A730 /* Sources */,
				1D4CA6132253FC3B0011A730 /* Frameworks */,
				1D4CA6142253FC3B0011A730 /* Resources */,
			);
			buildRules = (
			);
			dependencies = (
				1D4CA6182253FC3B0011A730 /* PBXTargetDependency */,
			);
			name = "RPM-AR-UIUITests";
			productName = "RPM-AR-UIUITests";
			productReference = 1D4CA6162253FC3B0011A730 /* RPM-AR-UIUITests.xctest */;
			productType = "com.apple.product-type.bundle.ui-testing";
		};
/* End PBXNativeTarget section */

/* Begin PBXProject section */
		1D4CA5ED2253FC380011A730 /* Project object */ = {
			isa = PBXProject;
			attributes = {
				LastSwiftUpdateCheck = 1010;
				LastUpgradeCheck = 1010;
				ORGANIZATIONNAME = "Zachary Wooding";
				TargetAttributes = {
					1D4CA5F42253FC380011A730 = {
						CreatedOnToolsVersion = 10.1;
					};
					1D4CA60A2253FC3B0011A730 = {
						CreatedOnToolsVersion = 10.1;
						TestTargetID = 1D4CA5F42253FC380011A730;
					};
					1D4CA6152253FC3B0011A730 = {
						CreatedOnToolsVersion = 10.1;
						TestTargetID = 1D4CA5F42253FC380011A730;
					};
				};
			};
			buildConfigurationList = 1D4CA5F02253FC380011A730 /* Build configuration list for PBXProject "RPM-AR-UI" */;
			compatibilityVersion = "Xcode 9.3";
			developmentRegion = en;
			hasScannedForEncodings = 0;
			knownRegions = (
				en,
				Base,
			);
			mainGroup = 1D4CA5EC2253FC380011A730;
			productRefGroup = 1D4CA5F62253FC380011A730 /* Products */;
			projectDirPath = "";
			projectRoot = "";
			targets = (
				1D4CA5F42253FC380011A730 /* RPM-AR-UI */,
				1D4CA60A2253FC3B0011A730 /* RPM-AR-UITests */,
				1D4CA6152253FC3B0011A730 /* RPM-AR-UIUITests */,
			);
		};
/* End PBXProject section */

/* Begin PBXResourcesBuildPhase section */
		1D4CA5F32253FC380011A730 /* Resources */ = {
			isa = PBXResourcesBuildPhase;
			buildActionMask = 2147483647;
			files = (
				1DACA5F5225BC67800582A69 /* art.scnassets in Resources */,
				1D4CA6052253FC3B0011A730 /* LaunchScreen.storyboard in Resources */,
				1DA84F9C2277A62800F28549 /* ipadsettings58.png in Resources */,
				1DA84F972277A62800F28549 /* ipadspotlight40.png in Resources */,
				1DA84F912277A62800F28549 /* ipadPro167.png in Resources */,
				1D4CA6022253FC3B0011A730 /* Assets.xcassets in Resources */,
				1D4CA6002253FC380011A730 /* Main.storyboard in Resources */,
				1DA84F982277A62800F28549 /* ipadapp76.png in Resources */,
				1DA84F902277A62800F28549 /* relate.png in Resources */,
				1DA84F9B2277A62800F28549 /* Appstore1024.png in Resources */,
				1DA84F992277A62800F28549 /* ipadSpotlight80.png in Resources */,
				1DA84F942277A62800F28549 /* launchScreenFull Load.png in Resources */,
				1DA84F9D2277A62800F28549 /* ipadnotif40.png in Resources */,
				1DE804762279FF0D009D4019 /* SavedSession.json in Resources */,
				1DA84F9A2277A62800F28549 /* ipadApp152.png in Resources */,
				1DA84F932277A62800F28549 /* apple.png in Resources */,
				1DA84F922277A62800F28549 /* launchscreenfull2048.png in Resources */,
				1DA84F962277A62800F28549 /* ipadnotification20.png in Resources */,
				1DA84F952277A62800F28549 /* ipadsetting29.png in Resources */,
			);
			runOnlyForDeploymentPostprocessing = 0;
		};
		1D4CA6092253FC3B0011A730 /* Resources */ = {
			isa = PBXResourcesBuildPhase;
			buildActionMask = 2147483647;
			files = (
			);
			runOnlyForDeploymentPostprocessing = 0;
		};
		1D4CA6142253FC3B0011A730 /* Resources */ = {
			isa = PBXResourcesBuildPhase;
			buildActionMask = 2147483647;
			files = (
			);
			runOnlyForDeploymentPostprocessing = 0;
		};
/* End PBXResourcesBuildPhase section */

/* Begin PBXSourcesBuildPhase section */
		1D4CA5F12253FC380011A730 /* Sources */ = {
			isa = PBXSourcesBuildPhase;
			buildActionMask = 2147483647;
			files = (
				1DAA9783226F89060089D118 /* ObjectList.swift in Sources */,
				1D6D7622225689DC000F9652 /* SearchViewController.swift in Sources */,
				1D105CDD22690BE300635C64 /* WelcomeViewController.swift in Sources */,
				1D4CA6292253FDA40011A730 /* NewSessionViewController.swift in Sources */,
				1DA84FA12277AD9B00F28549 /* SessionDetailsViewController.swift in Sources */,
				1D6D762822568E01000F9652 /* Objs.swift in Sources */,
				1D105CE02269155800635C64 /* LoadSave.swift in Sources */,
				1D6D76302256C83D000F9652 /* ModelType.swift in Sources */,
				0D7CD64C2268FD2B00794D63 /* SaveData.swift in Sources */,
				1DAA9785226F9B530089D118 /* SessionTableViewCell.swift in Sources */,
				1D4CA5FD2253FC380011A730 /* ARViewController.swift in Sources */,
				1D4CA5F92253FC380011A730 /* AppDelegate.swift in Sources */,
				1D6D762A225691A9000F9652 /* SearchFooter.swift in Sources */,
				1D6D762C225695FE000F9652 /* DetailViewController.swift in Sources */,
				0DF85C51226796120084147A /* Session.swift in Sources */,
			);
			runOnlyForDeploymentPostprocessing = 0;
		};
		1D4CA6072253FC3B0011A730 /* Sources */ = {
			isa = PBXSourcesBuildPhase;
			buildActionMask = 2147483647;
			files = (
			);
			runOnlyForDeploymentPostprocessing = 0;
		};
		1D4CA6122253FC3B0011A730 /* Sources */ = {
			isa = PBXSourcesBuildPhase;
			buildActionMask = 2147483647;
			files = (
				1D4CA61B2253FC3B0011A730 /* RPM_AR_UIUITests.swift in Sources */,
			);
			runOnlyForDeploymentPostprocessing = 0;
		};
/* End PBXSourcesBuildPhase section */

/* Begin PBXTargetDependency section */
		1D4CA60D2253FC3B0011A730 /* PBXTargetDependency */ = {
			isa = PBXTargetDependency;
			target = 1D4CA5F42253FC380011A730 /* RPM-AR-UI */;
			targetProxy = 1D4CA60C2253FC3B0011A730 /* PBXContainerItemProxy */;
		};
		1D4CA6182253FC3B0011A730 /* PBXTargetDependency */ = {
			isa = PBXTargetDependency;
			target = 1D4CA5F42253FC380011A730 /* RPM-AR-UI */;
			targetProxy = 1D4CA6172253FC3B0011A730 /* PBXContainerItemProxy */;
		};
/* End PBXTargetDependency section */

/* Begin PBXVariantGroup section */
		1D4CA5FE2253FC380011A730 /* Main.storyboard */ = {
			isa = PBXVariantGroup;
			children = (
				1D4CA5FF2253FC380011A730 /* Base */,
			);
			name = Main.storyboard;
			sourceTree = "<group>";
		};
		1D4CA6032253FC3B0011A730 /* LaunchScreen.storyboard */ = {
			isa = PBXVariantGroup;
			children = (
				1D4CA6042253FC3B0011A730 /* Base */,
			);
			name = LaunchScreen.storyboard;
			sourceTree = "<group>";
		};
/* End PBXVariantGroup section */

/* Begin XCBuildConfiguration section */
		1D4CA61D2253FC3B0011A730 /* Debug */ = {
			isa = XCBuildConfiguration;
			buildSettings = {
				ALWAYS_SEARCH_USER_PATHS = NO;
				CLANG_ANALYZER_NONNULL = YES;
				CLANG_ANALYZER_NUMBER_OBJECT_CONVERSION = YES_AGGRESSIVE;
				CLANG_CXX_LANGUAGE_STANDARD = "gnu++14";
				CLANG_CXX_LIBRARY = "libc++";
				CLANG_ENABLE_MODULES = YES;
				CLANG_ENABLE_OBJC_ARC = YES;
				CLANG_ENABLE_OBJC_WEAK = YES;
				CLANG_WARN_BLOCK_CAPTURE_AUTORELEASING = YES;
				CLANG_WARN_BOOL_CONVERSION = YES;
				CLANG_WARN_COMMA = YES;
				CLANG_WARN_CONSTANT_CONVERSION = YES;
				CLANG_WARN_DEPRECATED_OBJC_IMPLEMENTATIONS = YES;
				CLANG_WARN_DIRECT_OBJC_ISA_USAGE = YES_ERROR;
				CLANG_WARN_DOCUMENTATION_COMMENTS = YES;
				CLANG_WARN_EMPTY_BODY = YES;
				CLANG_WARN_ENUM_CONVERSION = YES;
				CLANG_WARN_INFINITE_RECURSION = YES;
				CLANG_WARN_INT_CONVERSION = YES;
				CLANG_WARN_NON_LITERAL_NULL_CONVERSION = YES;
				CLANG_WARN_OBJC_IMPLICIT_RETAIN_SELF = YES;
				CLANG_WARN_OBJC_LITERAL_CONVERSION = YES;
				CLANG_WARN_OBJC_ROOT_CLASS = YES_ERROR;
				CLANG_WARN_RANGE_LOOP_ANALYSIS = YES;
				CLANG_WARN_STRICT_PROTOTYPES = YES;
				CLANG_WARN_SUSPICIOUS_MOVE = YES;
				CLANG_WARN_UNGUARDED_AVAILABILITY = YES_AGGRESSIVE;
				CLANG_WARN_UNREACHABLE_CODE = YES;
				CLANG_WARN__DUPLICATE_METHOD_MATCH = YES;
				CODE_SIGN_IDENTITY = "iPhone Developer";
				COPY_PHASE_STRIP = NO;
				DEBUG_INFORMATION_FORMAT = dwarf;
				ENABLE_STRICT_OBJC_MSGSEND = YES;
				ENABLE_TESTABILITY = YES;
				GCC_C_LANGUAGE_STANDARD = gnu11;
				GCC_DYNAMIC_NO_PIC = NO;
				GCC_NO_COMMON_BLOCKS = YES;
				GCC_OPTIMIZATION_LEVEL = 0;
				GCC_PREPROCESSOR_DEFINITIONS = (
					"DEBUG=1",
					"$(inherited)",
				);
				GCC_WARN_64_TO_32_BIT_CONVERSION = YES;
				GCC_WARN_ABOUT_RETURN_TYPE = YES_ERROR;
				GCC_WARN_UNDECLARED_SELECTOR = YES;
				GCC_WARN_UNINITIALIZED_AUTOS = YES_AGGRESSIVE;
				GCC_WARN_UNUSED_FUNCTION = YES;
				GCC_WARN_UNUSED_VARIABLE = YES;
				IPHONEOS_DEPLOYMENT_TARGET = 12.1;
				MTL_ENABLE_DEBUG_INFO = INCLUDE_SOURCE;
				MTL_FAST_MATH = YES;
				ONLY_ACTIVE_ARCH = YES;
				SDKROOT = iphoneos;
				SWIFT_ACTIVE_COMPILATION_CONDITIONS = DEBUG;
				SWIFT_OPTIMIZATION_LEVEL = "-Onone";
			};
			name = Debug;
		};
		1D4CA61E2253FC3B0011A730 /* Release */ = {
			isa = XCBuildConfiguration;
			buildSettings = {
				ALWAYS_SEARCH_USER_PATHS = NO;
				CLANG_ANALYZER_NONNULL = YES;
				CLANG_ANALYZER_NUMBER_OBJECT_CONVERSION = YES_AGGRESSIVE;
				CLANG_CXX_LANGUAGE_STANDARD = "gnu++14";
				CLANG_CXX_LIBRARY = "libc++";
				CLANG_ENABLE_MODULES = YES;
				CLANG_ENABLE_OBJC_ARC = YES;
				CLANG_ENABLE_OBJC_WEAK = YES;
				CLANG_WARN_BLOCK_CAPTURE_AUTORELEASING = YES;
				CLANG_WARN_BOOL_CONVERSION = YES;
				CLANG_WARN_COMMA = YES;
				CLANG_WARN_CONSTANT_CONVERSION = YES;
				CLANG_WARN_DEPRECATED_OBJC_IMPLEMENTATIONS = YES;
				CLANG_WARN_DIRECT_OBJC_ISA_USAGE = YES_ERROR;
				CLANG_WARN_DOCUMENTATION_COMMENTS = YES;
				CLANG_WARN_EMPTY_BODY = YES;
				CLANG_WARN_ENUM_CONVERSION = YES;
				CLANG_WARN_INFINITE_RECURSION = YES;
				CLANG_WARN_INT_CONVERSION = YES;
				CLANG_WARN_NON_LITERAL_NULL_CONVERSION = YES;
				CLANG_WARN_OBJC_IMPLICIT_RETAIN_SELF = YES;
				CLANG_WARN_OBJC_LITERAL_CONVERSION = YES;
				CLANG_WARN_OBJC_ROOT_CLASS = YES_ERROR;
				CLANG_WARN_RANGE_LOOP_ANALYSIS = YES;
				CLANG_WARN_STRICT_PROTOTYPES = YES;
				CLANG_WARN_SUSPICIOUS_MOVE = YES;
				CLANG_WARN_UNGUARDED_AVAILABILITY = YES_AGGRESSIVE;
				CLANG_WARN_UNREACHABLE_CODE = YES;
				CLANG_WARN__DUPLICATE_METHOD_MATCH = YES;
				CODE_SIGN_IDENTITY = "iPhone Developer";
				COPY_PHASE_STRIP = NO;
				DEBUG_INFORMATION_FORMAT = "dwarf-with-dsym";
				ENABLE_NS_ASSERTIONS = NO;
				ENABLE_STRICT_OBJC_MSGSEND = YES;
				GCC_C_LANGUAGE_STANDARD = gnu11;
				GCC_NO_COMMON_BLOCKS = YES;
				GCC_WARN_64_TO_32_BIT_CONVERSION = YES;
				GCC_WARN_ABOUT_RETURN_TYPE = YES_ERROR;
				GCC_WARN_UNDECLARED_SELECTOR = YES;
				GCC_WARN_UNINITIALIZED_AUTOS = YES_AGGRESSIVE;
				GCC_WARN_UNUSED_FUNCTION = YES;
				GCC_WARN_UNUSED_VARIABLE = YES;
				IPHONEOS_DEPLOYMENT_TARGET = 12.1;
				MTL_ENABLE_DEBUG_INFO = NO;
				MTL_FAST_MATH = YES;
				SDKROOT = iphoneos;
				SWIFT_COMPILATION_MODE = wholemodule;
				SWIFT_OPTIMIZATION_LEVEL = "-O";
				VALIDATE_PRODUCT = YES;
			};
			name = Release;
		};
		1D4CA6202253FC3B0011A730 /* Debug */ = {
			isa = XCBuildConfiguration;
			buildSettings = {
				ALWAYS_EMBED_SWIFT_STANDARD_LIBRARIES = YES;
				ASSETCATALOG_COMPILER_APPICON_NAME = AppIcon;
				ASSETCATALOG_COMPILER_LAUNCHIMAGE_NAME = LaunchImage;
				CODE_SIGN_IDENTITY = "iPhone Developer";
				CODE_SIGN_STYLE = Automatic;
				DEVELOPMENT_TEAM = 3NNEBPYXC4;
				INFOPLIST_FILE = "RPM-AR-UI/Info.plist";
				LD_RUNPATH_SEARCH_PATHS = (
					"$(inherited)",
					"@executable_path/Frameworks",
				);
				PRODUCT_BUNDLE_IDENTIFIER = "gimm310.RPM-AR-UI";
				PRODUCT_NAME = "$(TARGET_NAME)";
				PROVISIONING_PROFILE_SPECIFIER = "";
				SWIFT_VERSION = 4.2;
				TARGETED_DEVICE_FAMILY = 2;
			};
			name = Debug;
		};
		1D4CA6212253FC3B0011A730 /* Release */ = {
			isa = XCBuildConfiguration;
			buildSettings = {
				ALWAYS_EMBED_SWIFT_STANDARD_LIBRARIES = YES;
				ASSETCATALOG_COMPILER_APPICON_NAME = AppIcon;
				ASSETCATALOG_COMPILER_LAUNCHIMAGE_NAME = LaunchImage;
				CODE_SIGN_IDENTITY = "iPhone Developer";
				CODE_SIGN_STYLE = Automatic;
				DEVELOPMENT_TEAM = 3NNEBPYXC4;
				INFOPLIST_FILE = "RPM-AR-UI/Info.plist";
				LD_RUNPATH_SEARCH_PATHS = (
					"$(inherited)",
					"@executable_path/Frameworks",
				);
				PRODUCT_BUNDLE_IDENTIFIER = "gimm310.RPM-AR-UI";
				PRODUCT_NAME = "$(TARGET_NAME)";
				PROVISIONING_PROFILE_SPECIFIER = "";
				SWIFT_VERSION = 4.2;
				TARGETED_DEVICE_FAMILY = 2;
			};
			name = Release;
		};
		1D4CA6232253FC3B0011A730 /* Debug */ = {
			isa = XCBuildConfiguration;
			buildSettings = {
				ALWAYS_EMBED_SWIFT_STANDARD_LIBRARIES = YES;
				BUNDLE_LOADER = "$(TEST_HOST)";
				CODE_SIGN_STYLE = Automatic;
				DEVELOPMENT_TEAM = 3NNEBPYXC4;
				INFOPLIST_FILE = "RPM-AR-UITests/Info.plist";
				LD_RUNPATH_SEARCH_PATHS = (
					"$(inherited)",
					"@executable_path/Frameworks",
					"@loader_path/Frameworks",
				);
				PRODUCT_BUNDLE_IDENTIFIER = "gimm310.RPM-AR-UITests";
				PRODUCT_NAME = "$(TARGET_NAME)";
				SWIFT_VERSION = 4.2;
				TARGETED_DEVICE_FAMILY = "1,2";
				TEST_HOST = "$(BUILT_PRODUCTS_DIR)/RPM-AR-UI.app/RPM-AR-UI";
			};
			name = Debug;
		};
		1D4CA6242253FC3B0011A730 /* Release */ = {
			isa = XCBuildConfiguration;
			buildSettings = {
				ALWAYS_EMBED_SWIFT_STANDARD_LIBRARIES = YES;
				BUNDLE_LOADER = "$(TEST_HOST)";
				CODE_SIGN_STYLE = Automatic;
				DEVELOPMENT_TEAM = 3NNEBPYXC4;
				INFOPLIST_FILE = "RPM-AR-UITests/Info.plist";
				LD_RUNPATH_SEARCH_PATHS = (
					"$(inherited)",
					"@executable_path/Frameworks",
					"@loader_path/Frameworks",
				);
				PRODUCT_BUNDLE_IDENTIFIER = "gimm310.RPM-AR-UITests";
				PRODUCT_NAME = "$(TARGET_NAME)";
				SWIFT_VERSION = 4.2;
				TARGETED_DEVICE_FAMILY = "1,2";
				TEST_HOST = "$(BUILT_PRODUCTS_DIR)/RPM-AR-UI.app/RPM-AR-UI";
			};
			name = Release;
		};
		1D4CA6262253FC3B0011A730 /* Debug */ = {
			isa = XCBuildConfiguration;
			buildSettings = {
				ALWAYS_EMBED_SWIFT_STANDARD_LIBRARIES = YES;
				CODE_SIGN_STYLE = Automatic;
				INFOPLIST_FILE = "RPM-AR-UIUITests/Info.plist";
				LD_RUNPATH_SEARCH_PATHS = (
					"$(inherited)",
					"@executable_path/Frameworks",
					"@loader_path/Frameworks",
				);
				PRODUCT_BUNDLE_IDENTIFIER = "gimm310.RPM-AR-UIUITests";
				PRODUCT_NAME = "$(TARGET_NAME)";
				SWIFT_VERSION = 4.2;
				TARGETED_DEVICE_FAMILY = "1,2";
				TEST_TARGET_NAME = "RPM-AR-UI";
			};
			name = Debug;
		};
		1D4CA6272253FC3B0011A730 /* Release */ = {
			isa = XCBuildConfiguration;
			buildSettings = {
				ALWAYS_EMBED_SWIFT_STANDARD_LIBRARIES = YES;
				CODE_SIGN_STYLE = Automatic;
				INFOPLIST_FILE = "RPM-AR-UIUITests/Info.plist";
				LD_RUNPATH_SEARCH_PATHS = (
					"$(inherited)",
					"@executable_path/Frameworks",
					"@loader_path/Frameworks",
				);
				PRODUCT_BUNDLE_IDENTIFIER = "gimm310.RPM-AR-UIUITests";
				PRODUCT_NAME = "$(TARGET_NAME)";
				SWIFT_VERSION = 4.2;
				TARGETED_DEVICE_FAMILY = "1,2";
				TEST_TARGET_NAME = "RPM-AR-UI";
			};
			name = Release;
		};
/* End XCBuildConfiguration section */

/* Begin XCConfigurationList section */
		1D4CA5F02253FC380011A730 /* Build configuration list for PBXProject "RPM-AR-UI" */ = {
			isa = XCConfigurationList;
			buildConfigurations = (
				1D4CA61D2253FC3B0011A730 /* Debug */,
				1D4CA61E2253FC3B0011A730 /* Release */,
			);
			defaultConfigurationIsVisible = 0;
			defaultConfigurationName = Release;
		};
		1D4CA61F2253FC3B0011A730 /* Build configuration list for PBXNativeTarget "RPM-AR-UI" */ = {
			isa = XCConfigurationList;
			buildConfigurations = (
				1D4CA6202253FC3B0011A730 /* Debug */,
				1D4CA6212253FC3B0011A730 /* Release */,
			);
			defaultConfigurationIsVisible = 0;
			defaultConfigurationName = Release;
		};
		1D4CA6222253FC3B0011A730 /* Build configuration list for PBXNativeTarget "RPM-AR-UITests" */ = {
			isa = XCConfigurationList;
			buildConfigurations = (
				1D4CA6232253FC3B0011A730 /* Debug */,
				1D4CA6242253FC3B0011A730 /* Release */,
			);
			defaultConfigurationIsVisible = 0;
			defaultConfigurationName = Release;
		};
		1D4CA6252253FC3B0011A730 /* Build configuration list for PBXNativeTarget "RPM-AR-UIUITests" */ = {
			isa = XCConfigurationList;
			buildConfigurations = (
				1D4CA6262253FC3B0011A730 /* Debug */,
				1D4CA6272253FC3B0011A730 /* Release */,
			);
			defaultConfigurationIsVisible = 0;
			defaultConfigurationName = Release;
		};
/* End XCConfigurationList section */
	};
	rootObject = 1D4CA5ED2253FC380011A730 /* Project object */;
}
